
Microsoft Visual Studio Solution File, Format Version 12.00
# Visual Studio Version 17
VisualStudioVersion = 17.13.36105.23 d17.13
MinimumVisualStudioVersion = 10.0.40219.1
Project("{FAE04EC0-301F-11D3-BF4B-00C04F79EFBC}") = "PruebaECommerce", "PruebaECommerce\PruebaECommerce.csproj", "{E005E81B-4BAA-48A2-9557-A7F9F9309223}"
EndProject
Global
	GlobalSection(SolutionConfigurationPlatforms) = preSolution
		Debug|Any CPU = Debug|Any CPU
		Release|Any CPU = Release|Any CPU
	EndGlobalSection
	GlobalSection(ProjectConfigurationPlatforms) = postSolution
		{E005E81B-4BAA-48A2-9557-A7F9F9309223}.Debug|Any CPU.ActiveCfg = Debug|Any CPU
		{E005E81B-4BAA-48A2-9557-A7F9F9309223}.Debug|Any CPU.Build.0 = Debug|Any CPU
		{E005E81B-4BAA-48A2-9557-A7F9F9309223}.Release|Any CPU.ActiveCfg = Release|Any CPU
		{E005E81B-4BAA-48A2-9557-A7F9F9309223}.Release|Any CPU.Build.0 = Release|Any CPU
	EndGlobalSection
	GlobalSection(SolutionProperties) = preSolution
		HideSolutionNode = FALSE
	EndGlobalSection
	GlobalSection(ExtensibilityGlobals) = postSolution
		SolutionGuid = {C5428A19-7AF8-4695-B4F7-F1ED9AE49F30}
	EndGlobalSection
EndGlobal
